// !$*UTF8*$!
{
	archiveVersion = 1;
	classes = {
	};
	objectVersion = 56;
	objects = {

/* Begin PBXBuildFile section */
		FE43261F2C81EB0B00D116E8 /* AppDelegate.swift in Sources */ = {isa = PBXBuildFile; fileRef = FE43261E2C81EB0B00D116E8 /* AppDelegate.swift */; };
		FE4326212C81EB0B00D116E8 /* SceneDelegate.swift in Sources */ = {isa = PBXBuildFile; fileRef = FE4326202C81EB0B00D116E8 /* SceneDelegate.swift */; };
		FE4326232C81EB0B00D116E8 /* ViewController.swift in Sources */ = {isa = PBXBuildFile; fileRef = FE4326222C81EB0B00D116E8 /* ViewController.swift */; };
		FE4326282C81EB0D00D116E8 /* Assets.xcassets in Resources */ = {isa = PBXBuildFile; fileRef = FE4326272C81EB0D00D116E8 /* Assets.xcassets */; };
		FE4326352C81EB9400D116E8 /* Interactor.swift in Sources */ = {isa = PBXBuildFile; fileRef = FE4326342C81EB9400D116E8 /* Interactor.swift */; };
		FE4326372C81EBB200D116E8 /* Presenter.swift in Sources */ = {isa = PBXBuildFile; fileRef = FE4326362C81EBB200D116E8 /* Presenter.swift */; };
		FE4326392C81EBC200D116E8 /* Router.swift in Sources */ = {isa = PBXBuildFile; fileRef = FE4326382C81EBC200D116E8 /* Router.swift */; };
/* End PBXBuildFile section */

/* Begin PBXFileReference section */
		FE43261B2C81EB0B00D116E8 /* ViliansHeroes.app */ = {isa = PBXFileReference; explicitFileType = wrapper.application; includeInIndex = 0; path = ViliansHeroes.app; sourceTree = BUILT_PRODUCTS_DIR; };
		FE43261E2C81EB0B00D116E8 /* AppDelegate.swift */ = {isa = PBXFileReference; lastKnownFileType = sourcecode.swift; path = AppDelegate.swift; sourceTree = "<group>"; };
		FE4326202C81EB0B00D116E8 /* SceneDelegate.swift */ = {isa = PBXFileReference; lastKnownFileType = sourcecode.swift; path = SceneDelegate.swift; sourceTree = "<group>"; };
		FE4326222C81EB0B00D116E8 /* ViewController.swift */ = {isa = PBXFileReference; lastKnownFileType = sourcecode.swift; path = ViewController.swift; sourceTree = "<group>"; };
		FE4326272C81EB0D00D116E8 /* Assets.xcassets */ = {isa = PBXFileReference; lastKnownFileType = folder.assetcatalog; path = Assets.xcassets; sourceTree = "<group>"; };
		FE43262C2C81EB0D00D116E8 /* Info.plist */ = {isa = PBXFileReference; lastKnownFileType = text.plist.xml; path = Info.plist; sourceTree = "<group>"; };
		FE4326342C81EB9400D116E8 /* Interactor.swift */ = {isa = PBXFileReference; lastKnownFileType = sourcecode.swift; path = Interactor.swift; sourceTree = "<group>"; };
		FE4326362C81EBB200D116E8 /* Presenter.swift */ = {isa = PBXFileReference; lastKnownFileType = sourcecode.swift; path = Presenter.swift; sourceTree = "<group>"; };
		FE4326382C81EBC200D116E8 /* Router.swift */ = {isa = PBXFileReference; lastKnownFileType = sourcecode.swift; path = Router.swift; sourceTree = "<group>"; };
/* End PBXFileReference section */

/* Begin PBXFrameworksBuildPhase section */
		FE4326182C81EB0B00D116E8 /* Frameworks */ = {
			isa = PBXFrameworksBuildPhase;
			buildActionMask = 2147483647;
			files = (
			);
			runOnlyForDeploymentPostprocessing = 0;
		};
/* End PBXFrameworksBuildPhase section */

/* Begin PBXGroup section */
		FE4326122C81EB0B00D116E8 = {
			isa = PBXGroup;
			children = (
				FE43261D2C81EB0B00D116E8 /* ViliansHeroes */,
				FE43261C2C81EB0B00D116E8 /* Products */,
			);
			sourceTree = "<group>";
		};
		FE43261C2C81EB0B00D116E8 /* Products */ = {
			isa = PBXGroup;
			children = (
				FE43261B2C81EB0B00D116E8 /* ViliansHeroes.app */,
			);
			name = Products;
			sourceTree = "<group>";
		};
		FE43261D2C81EB0B00D116E8 /* ViliansHeroes */ = {
			isa = PBXGroup;
			children = (
				FE43263B2C81ECFB00D116E8 /* ViliansModule */,
				FE43263A2C81ECEC00D116E8 /* Application */,
				FE43263C2C81ED0E00D116E8 /* Support */,
				FE43262C2C81EB0D00D116E8 /* Info.plist */,
			);
			path = ViliansHeroes;
			sourceTree = "<group>";
		};
		FE43263A2C81ECEC00D116E8 /* Application */ = {
			isa = PBXGroup;
			children = (
				FE43261E2C81EB0B00D116E8 /* AppDelegate.swift */,
				FE4326202C81EB0B00D116E8 /* SceneDelegate.swift */,
			);
			path = Application;
			sourceTree = "<group>";
		};
		FE43263B2C81ECFB00D116E8 /* ViliansModule */ = {
			isa = PBXGroup;
			children = (
				FE4326222C81EB0B00D116E8 /* ViewController.swift */,
				FE4326342C81EB9400D116E8 /* Interactor.swift */,
				FE4326362C81EBB200D116E8 /* Presenter.swift */,
				FE4326382C81EBC200D116E8 /* Router.swift */,
			);
			path = ViliansModule;
			sourceTree = "<group>";
		};
		FE43263C2C81ED0E00D116E8 /* Support */ = {
			isa = PBXGroup;
			children = (
				FE4326272C81EB0D00D116E8 /* Assets.xcassets */,
			);
			path = Support;
			sourceTree = "<group>";
		};
/* End PBXGroup section */

/* Begin PBXNativeTarget section */
		FE43261A2C81EB0B00D116E8 /* ViliansHeroes */ = {
			isa = PBXNativeTarget;
			buildConfigurationList = FE43262F2C81EB0D00D116E8 /* Build configuration list for PBXNativeTarget "ViliansHeroes" */;
			buildPhases = (
				FE4326172C81EB0B00D116E8 /* Sources */,
				FE4326182C81EB0B00D116E8 /* Frameworks */,
				FE4326192C81EB0B00D116E8 /* Resources */,
			);
			buildRules = (
			);
			dependencies = (
			);
			name = ViliansHeroes;
			productName = ViliansHeroes;
			productReference = FE43261B2C81EB0B00D116E8 /* ViliansHeroes.app */;
			productType = "com.apple.product-type.application";
		};
/* End PBXNativeTarget section */

/* Begin PBXProject section */
		FE4326132C81EB0B00D116E8 /* Project object */ = {
			isa = PBXProject;
			attributes = {
				BuildIndependentTargetsInParallel = 1;
				LastSwiftUpdateCheck = 1520;
				LastUpgradeCheck = 1520;
				TargetAttributes = {
					FE43261A2C81EB0B00D116E8 = {
						CreatedOnToolsVersion = 15.2;
					};
				};
			};
			buildConfigurationList = FE4326162C81EB0B00D116E8 /* Build configuration list for PBXProject "ViliansHeroes" */;
			compatibilityVersion = "Xcode 14.0";
			developmentRegion = en;
			hasScannedForEncodings = 0;
			knownRegions = (
				en,
				Base,
			);
			mainGroup = FE4326122C81EB0B00D116E8;
			productRefGroup = FE43261C2C81EB0B00D116E8 /* Products */;
			projectDirPath = "";
			projectRoot = "";
			targets = (
				FE43261A2C81EB0B00D116E8 /* ViliansHeroes */,
			);
		};
/* End PBXProject section */

/* Begin PBXResourcesBuildPhase section */
		FE4326192C81EB0B00D116E8 /* Resources */ = {
			isa = PBXResourcesBuildPhase;
			buildActionMask = 2147483647;
			files = (
				FE4326282C81EB0D00D116E8 /* Assets.xcassets in Resources */,
			);
			runOnlyForDeploymentPostprocessing = 0;
		};
/* End PBXResourcesBuildPhase section */

/* Begin PBXSourcesBuildPhase section */
		FE4326172C81EB0B00D116E8 /* Sources */ = {
			isa = PBXSourcesBuildPhase;
			buildActionMask = 2147483647;
			files = (
				FE4326232C81EB0B00D116E8 /* ViewController.swift in Sources */,
				FE4326372C81EBB200D116E8 /* Presenter.swift in Sources */,
				FE43261F2C81EB0B00D116E8 /* AppDelegate.swift in Sources */,
				FE4326352C81EB9400D116E8 /* Interactor.swift in Sources */,
				FE4326212C81EB0B00D116E8 /* SceneDelegate.swift in Sources */,
				FE4326392C81EBC200D116E8 /* Router.swift in Sources */,
			);
			runOnlyForDeploymentPostprocessing = 0;
		};
/* End PBXSourcesBuildPhase section */

/* Begin XCBuildConfiguration section */
		FE43262D2C81EB0D00D116E8 /* Debug */ = {
			isa = XCBuildConfiguration;
			buildSettings = {
				ALWAYS_SEARCH_USER_PATHS = NO;
				ASSETCATALOG_COMPILER_GENERATE_SWIFT_ASSET_SYMBOL_EXTENSIONS = YES;
				CLANG_ANALYZER_NONNULL = YES;
				CLANG_ANALYZER_NUMBER_OBJECT_CONVERSION = YES_AGGRESSIVE;
				CLANG_CXX_LANGUAGE_STANDARD = "gnu++20";
				CLANG_ENABLE_MODULES = YES;
				CLANG_ENABLE_OBJC_ARC = YES;
				CLANG_ENABLE_OBJC_WEAK = YES;
				CLANG_WARN_BLOCK_CAPTURE_AUTORELEASING = YES;
				CLANG_WARN_BOOL_CONVERSION = YES;
				CLANG_WARN_COMMA = YES;
				CLANG_WARN_CONSTANT_CONVERSION = YES;
				CLANG_WARN_DEPRECATED_OBJC_IMPLEMENTATIONS = YES;
				CLANG_WARN_DIRECT_OBJC_ISA_USAGE = YES_ERROR;
				CLANG_WARN_DOCUMENTATION_COMMENTS = YES;
				CLANG_WARN_EMPTY_BODY = YES;
				CLANG_WARN_ENUM_CONVERSION = YES;
				CLANG_WARN_INFINITE_RECURSION = YES;
				CLANG_WARN_INT_CONVERSION = YES;
				CLANG_WARN_NON_LITERAL_NULL_CONVERSION = YES;
				CLANG_WARN_OBJC_IMPLICIT_RETAIN_SELF = YES;
				CLANG_WARN_OBJC_LITERAL_CONVERSION = YES;
				CLANG_WARN_OBJC_ROOT_CLASS = YES_ERROR;
				CLANG_WARN_QUOTED_INCLUDE_IN_FRAMEWORK_HEADER = YES;
				CLANG_WARN_RANGE_LOOP_ANALYSIS = YES;
				CLANG_WARN_STRICT_PROTOTYPES = YES;
				CLANG_WARN_SUSPICIOUS_MOVE = YES;
				CLANG_WARN_UNGUARDED_AVAILABILITY = YES_AGGRESSIVE;
				CLANG_WARN_UNREACHABLE_CODE = YES;
				CLANG_WARN__DUPLICATE_METHOD_MATCH = YES;
				COPY_PHASE_STRIP = NO;
				DEBUG_INFORMATION_FORMAT = dwarf;
				ENABLE_STRICT_OBJC_MSGSEND = YES;
				ENABLE_TESTABILITY = YES;
				ENABLE_USER_SCRIPT_SANDBOXING = YES;
				GCC_C_LANGUAGE_STANDARD = gnu17;
				GCC_DYNAMIC_NO_PIC = NO;
				GCC_NO_COMMON_BLOCKS = YES;
				GCC_OPTIMIZATION_LEVEL = 0;
				GCC_PREPROCESSOR_DEFINITIONS = (
					"DEBUG=1",
					"$(inherited)",
				);
				GCC_WARN_64_TO_32_BIT_CONVERSION = YES;
				GCC_WARN_ABOUT_RETURN_TYPE = YES_ERROR;
				GCC_WARN_UNDECLARED_SELECTOR = YES;
				GCC_WARN_UNINITIALIZED_AUTOS = YES_AGGRESSIVE;
				GCC_WARN_UNUSED_FUNCTION = YES;
				GCC_WARN_UNUSED_VARIABLE = YES;
				IPHONEOS_DEPLOYMENT_TARGET = 17.2;
				LOCALIZATION_PREFERS_STRING_CATALOGS = YES;
				MTL_ENABLE_DEBUG_INFO = INCLUDE_SOURCE;
				MTL_FAST_MATH = YES;
				ONLY_ACTIVE_ARCH = YES;
				SDKROOT = iphoneos;
				SWIFT_ACTIVE_COMPILATION_CONDITIONS = "DEBUG $(inherited)";
				SWIFT_OPTIMIZATION_LEVEL = "-Onone";
			};
			name = Debug;
		};
		FE43262E2C81EB0D00D116E8 /* Release */ = {
			isa = XCBuildConfiguration;
			buildSettings = {
				ALWAYS_SEARCH_USER_PATHS = NO;
				ASSETCATALOG_COMPILER_GENERATE_SWIFT_ASSET_SYMBOL_EXTENSIONS = YES;
				CLANG_ANALYZER_NONNULL = YES;
				CLANG_ANALYZER_NUMBER_OBJECT_CONVERSION = YES_AGGRESSIVE;
				CLANG_CXX_LANGUAGE_STANDARD = "gnu++20";
				CLANG_ENABLE_MODULES = YES;
				CLANG_ENABLE_OBJC_ARC = YES;
				CLANG_ENABLE_OBJC_WEAK = YES;
				CLANG_WARN_BLOCK_CAPTURE_AUTORELEASING = YES;
				CLANG_WARN_BOOL_CONVERSION = YES;
				CLANG_WARN_COMMA = YES;
				CLANG_WARN_CONSTANT_CONVERSION = YES;
				CLANG_WARN_DEPRECATED_OBJC_IMPLEMENTATIONS = YES;
				CLANG_WARN_DIRECT_OBJC_ISA_USAGE = YES_ERROR;
				CLANG_WARN_DOCUMENTATION_COMMENTS = YES;
				CLANG_WARN_EMPTY_BODY = YES;
				CLANG_WARN_ENUM_CONVERSION = YES;
				CLANG_WARN_INFINITE_RECURSION = YES;
				CLANG_WARN_INT_CONVERSION = YES;
				CLANG_WARN_NON_LITERAL_NULL_CONVERSION = YES;
				CLANG_WARN_OBJC_IMPLICIT_RETAIN_SELF = YES;
				CLANG_WARN_OBJC_LITERAL_CONVERSION = YES;
				CLANG_WARN_OBJC_ROOT_CLASS = YES_ERROR;
				CLANG_WARN_QUOTED_INCLUDE_IN_FRAMEWORK_HEADER = YES;
				CLANG_WARN_RANGE_LOOP_ANALYSIS = YES;
				CLANG_WARN_STRICT_PROTOTYPES = YES;
				CLANG_WARN_SUSPICIOUS_MOVE = YES;
				CLANG_WARN_UNGUARDED_AVAILABILITY = YES_AGGRESSIVE;
				CLANG_WARN_UNREACHABLE_CODE = YES;
				CLANG_WARN__DUPLICATE_METHOD_MATCH = YES;
				COPY_PHASE_STRIP = NO;
				DEBUG_INFORMATION_FORMAT = "dwarf-with-dsym";
				ENABLE_NS_ASSERTIONS = NO;
				ENABLE_STRICT_OBJC_MSGSEND = YES;
				ENABLE_USER_SCRIPT_SANDBOXING = YES;
				GCC_C_LANGUAGE_STANDARD = gnu17;
				GCC_NO_COMMON_BLOCKS = YES;
				GCC_WARN_64_TO_32_BIT_CONVERSION = YES;
				GCC_WARN_ABOUT_RETURN_TYPE = YES_ERROR;
				GCC_WARN_UNDECLARED_SELECTOR = YES;
				GCC_WARN_UNINITIALIZED_AUTOS = YES_AGGRESSIVE;
				GCC_WARN_UNUSED_FUNCTION = YES;
				GCC_WARN_UNUSED_VARIABLE = YES;
				IPHONEOS_DEPLOYMENT_TARGET = 17.2;
				LOCALIZATION_PREFERS_STRING_CATALOGS = YES;
				MTL_ENABLE_DEBUG_INFO = NO;
				MTL_FAST_MATH = YES;
				SDKROOT = iphoneos;
				SWIFT_COMPILATION_MODE = wholemodule;
				VALIDATE_PRODUCT = YES;
			};
			name = Release;
		};
		FE4326302C81EB0D00D116E8 /* Debug */ = {
			isa = XCBuildConfiguration;
			buildSettings = {
				ASSETCATALOG_COMPILER_APPICON_NAME = AppIcon;
				ASSETCATALOG_COMPILER_GLOBAL_ACCENT_COLOR_NAME = AccentColor;
				CODE_SIGN_STYLE = Automatic;
				CURRENT_PROJECT_VERSION = 1;
				DEVELOPMENT_TEAM = 84HMKC95WY;
				GENERATE_INFOPLIST_FILE = YES;
				INFOPLIST_FILE = ViliansHeroes/Info.plist;
				INFOPLIST_KEY_UIApplicationSupportsIndirectInputEvents = YES;
				INFOPLIST_KEY_UILaunchStoryboardName = LaunchScreen;
				INFOPLIST_KEY_UISupportedInterfaceOrientations_iPad = "UIInterfaceOrientationPortrait UIInterfaceOrientationPortraitUpsideDown UIInterfaceOrientationLandscapeLeft UIInterfaceOrientationLandscapeRight";
				INFOPLIST_KEY_UISupportedInterfaceOrientations_iPhone = "UIInterfaceOrientationPortrait UIInterfaceOrientationLandscapeLeft UIInterfaceOrientationLandscapeRight";
				LD_RUNPATH_SEARCH_PATHS = (
					"$(inherited)",
					"@executable_path/Frameworks",
				);
				MARKETING_VERSION = 1.0;
				PRODUCT_BUNDLE_IDENTIFIER = Allison.ViliansHeroes;
				PRODUCT_NAME = "$(TARGET_NAME)";
				SWIFT_EMIT_LOC_STRINGS = YES;
				SWIFT_VERSION = 5.0;
				TARGETED_DEVICE_FAMILY = "1,2";
			};
			name = Debug;
		};
		FE4326312C81EB0D00D116E8 /* Release */ = {
			isa = XCBuildConfiguration;
			buildSettings = {
				ASSETCATALOG_COMPILER_APPICON_NAME = AppIcon;
				ASSETCATALOG_COMPILER_GLOBAL_ACCENT_COLOR_NAME = AccentColor;
				CODE_SIGN_STYLE = Automatic;
				CURRENT_PROJECT_VERSION = 1;
				DEVELOPMENT_TEAM = 84HMKC95WY;
				GENERATE_INFOPLIST_FILE = YES;
				INFOPLIST_FILE = ViliansHeroes/Info.plist;
				INFOPLIST_KEY_UIApplicationSupportsIndirectInputEvents = YES;
				INFOPLIST_KEY_UILaunchStoryboardName = LaunchScreen;
				INFOPLIST_KEY_UISupportedInterfaceOrientations_iPad = "UIInterfaceOrientationPortrait UIInterfaceOrientationPortraitUpsideDown UIInterfaceOrientationLandscapeLeft UIInterfaceOrientationLandscapeRight";
				INFOPLIST_KEY_UISupportedInterfaceOrientations_iPhone = "UIInterfaceOrientationPortrait UIInterfaceOrientationLandscapeLeft UIInterfaceOrientationLandscapeRight";
				LD_RUNPATH_SEARCH_PATHS = (
					"$(inherited)",
					"@executable_path/Frameworks",
				);
				MARKETING_VERSION = 1.0;
				PRODUCT_BUNDLE_IDENTIFIER = Allison.ViliansHeroes;
				PRODUCT_NAME = "$(TARGET_NAME)";
				SWIFT_EMIT_LOC_STRINGS = YES;
				SWIFT_VERSION = 5.0;
				TARGETED_DEVICE_FAMILY = "1,2";
			};
			name = Release;
		};
/* End XCBuildConfiguration section */

/* Begin XCConfigurationList section */
		FE4326162C81EB0B00D116E8 /* Build configuration list for PBXProject "ViliansHeroes" */ = {
			isa = XCConfigurationList;
			buildConfigurations = (
				FE43262D2C81EB0D00D116E8 /* Debug */,
				FE43262E2C81EB0D00D116E8 /* Release */,
			);
			defaultConfigurationIsVisible = 0;
			defaultConfigurationName = Release;
		};
		FE43262F2C81EB0D00D116E8 /* Build configuration list for PBXNativeTarget "ViliansHeroes" */ = {
			isa = XCConfigurationList;
			buildConfigurations = (
				FE4326302C81EB0D00D116E8 /* Debug */,
				FE4326312C81EB0D00D116E8 /* Release */,
			);
			defaultConfigurationIsVisible = 0;
			defaultConfigurationName = Release;
		};
/* End XCConfigurationList section */
	};
	rootObject = FE4326132C81EB0B00D116E8 /* Project object */;
}
